<Solution>
  <Configurations>
    <Platform Name="x64" />
    <Platform Name="x86" />
  </Configurations>
  <Project Path="PPM_Output/PPM_Output.vcxproj" Id="21589348-59b1-4d22-a8c7-337ae8a95291" />
  <Project Path="RayTracing/RayTracing.vcxproj" Id="003e2943-db9a-420f-9050-5b9dc2331502" />
</Solution>
